
Microsoft Visual Studio Solution File, Format Version 12.00
# Visual Studio Version 16
VisualStudioVersion = 16.0.31321.278
MinimumVisualStudioVersion = 10.0.40219.1
Project("{FAE04EC0-301F-11D3-BF4B-00C04F79EFBC}") = "LexiconWeek2GolfCourse", "LexiconWeek2GolfCourse\LexiconWeek2GolfCourse.csproj", "{B4C521B1-3F04-4A3D-942A-5E996929BC86}"
EndProject
Project("{FAE04EC0-301F-11D3-BF4B-00C04F79EFBC}") = "GolfCourseTest", "GolfCourseTest\GolfCourseTest.csproj", "{300D1750-BFF9-4D75-B257-C6C92EEFD389}"
EndProject
Global
	GlobalSection(SolutionConfigurationPlatforms) = preSolution
		Debug|Any CPU = Debug|Any CPU
		Release|Any CPU = Release|Any CPU
	EndGlobalSection
	GlobalSection(ProjectConfigurationPlatforms) = postSolution
		{B4C521B1-3F04-4A3D-942A-5E996929BC86}.Debug|Any CPU.ActiveCfg = Debug|Any CPU
		{B4C521B1-3F04-4A3D-942A-5E996929BC86}.Debug|Any CPU.Build.0 = Debug|Any CPU
		{B4C521B1-3F04-4A3D-942A-5E996929BC86}.Release|Any CPU.ActiveCfg = Release|Any CPU
		{B4C521B1-3F04-4A3D-942A-5E996929BC86}.Release|Any CPU.Build.0 = Release|Any CPU
		{300D1750-BFF9-4D75-B257-C6C92EEFD389}.Debug|Any CPU.ActiveCfg = Debug|Any CPU
		{300D1750-BFF9-4D75-B257-C6C92EEFD389}.Debug|Any CPU.Build.0 = Debug|Any CPU
		{300D1750-BFF9-4D75-B257-C6C92EEFD389}.Release|Any CPU.ActiveCfg = Release|Any CPU
		{300D1750-BFF9-4D75-B257-C6C92EEFD389}.Release|Any CPU.Build.0 = Release|Any CPU
	EndGlobalSection
	GlobalSection(SolutionProperties) = preSolution
		HideSolutionNode = FALSE
	EndGlobalSection
	GlobalSection(ExtensibilityGlobals) = postSolution
		SolutionGuid = {A257B965-1436-46C6-A1A6-0A025B1BCD63}
	EndGlobalSection
EndGlobal
